<?xml version="1.0" encoding="utf-8"?>
<Project ToolsVersion="4.0" xmlns="http://schemas.microsoft.com/developer/msbuild/2003">
  <ItemGroup>
    <ClCompile Include="AbstractDisplay.cpp" />
    <ClCompile Include="CharDisplay.cpp" />
    <ClCompile Include="main.cpp" />
    <ClCompile Include="StringDisplay.cpp" />
  </ItemGroup>
  <ItemGroup>
    <ClInclude Include="AbstractDisplay.h" />
    <ClInclude Include="CharDisplay.h" />
    <ClInclude Include="StringDisplay.h" />
  </ItemGroup>
</Project>