<?xml version="1.0" encoding="utf-8"?>
<Project ToolsVersion="4.0" xmlns="http://schemas.microsoft.com/developer/msbuild/2003">
  <ItemGroup>
    <ClCompile Include="Display.cpp" />
    <ClCompile Include="Frame.cpp" />
    <ClCompile Include="FullFrame.cpp" />
    <ClCompile Include="main.cpp" />
    <ClCompile Include="MessageDisplay.cpp" />
    <ClCompile Include="SideFrame.cpp" />
  </ItemGroup>
  <ItemGroup>
    <ClInclude Include="Display.h" />
    <ClInclude Include="Frame.h" />
    <ClInclude Include="FullFrame.h" />
    <ClInclude Include="MessageDisplay.h" />
    <ClInclude Include="SideFrame.h" />
  </ItemGroup>
</Project>